
Microsoft Visual Studio Solution File, Format Version 12.00
# Visual Studio 14
VisualStudioVersion = 14.0.25420.1
MinimumVisualStudioVersion = 10.0.40219.1
Project("{FAE04EC0-301F-11D3-BF4B-00C04F79EFBC}") = "QLHSPT", "QLHSPT\QLHSPT.csproj", "{BA3B0E16-FA9E-4996-8630-B6FCF7D62280}"
EndProject
Project("{FAE04EC0-301F-11D3-BF4B-00C04F79EFBC}") = "DTO", "DTO\DTO.csproj", "{24B7E979-B0B1-45E2-92D3-3D442A2A3FB7}"
EndProject
Project("{FAE04EC0-301F-11D3-BF4B-00C04F79EFBC}") = "DAL", "DAL\DAL.csproj", "{1CC5183D-313B-447D-8D03-957B30B05EDF}"
EndProject
Project("{FAE04EC0-301F-11D3-BF4B-00C04F79EFBC}") = "BUS", "BUS\BUS.csproj", "{4E2EC83C-A349-4D2A-9B89-A06778562D32}"
EndProject
Global
	GlobalSection(SolutionConfigurationPlatforms) = preSolution
		Debug|Any CPU = Debug|Any CPU
		Release|Any CPU = Release|Any CPU
	EndGlobalSection
	GlobalSection(ProjectConfigurationPlatforms) = postSolution
		{BA3B0E16-FA9E-4996-8630-B6FCF7D62280}.Debug|Any CPU.ActiveCfg = Debug|Any CPU
		{BA3B0E16-FA9E-4996-8630-B6FCF7D62280}.Debug|Any CPU.Build.0 = Debug|Any CPU
		{BA3B0E16-FA9E-4996-8630-B6FCF7D62280}.Release|Any CPU.ActiveCfg = Release|Any CPU
		{BA3B0E16-FA9E-4996-8630-B6FCF7D62280}.Release|Any CPU.Build.0 = Release|Any CPU
		{24B7E979-B0B1-45E2-92D3-3D442A2A3FB7}.Debug|Any CPU.ActiveCfg = Debug|Any CPU
		{24B7E979-B0B1-45E2-92D3-3D442A2A3FB7}.Debug|Any CPU.Build.0 = Debug|Any CPU
		{24B7E979-B0B1-45E2-92D3-3D442A2A3FB7}.Release|Any CPU.ActiveCfg = Release|Any CPU
		{24B7E979-B0B1-45E2-92D3-3D442A2A3FB7}.Release|Any CPU.Build.0 = Release|Any CPU
		{1CC5183D-313B-447D-8D03-957B30B05EDF}.Debug|Any CPU.ActiveCfg = Debug|Any CPU
		{1CC5183D-313B-447D-8D03-957B30B05EDF}.Debug|Any CPU.Build.0 = Debug|Any CPU
		{1CC5183D-313B-447D-8D03-957B30B05EDF}.Release|Any CPU.ActiveCfg = Release|Any CPU
		{1CC5183D-313B-447D-8D03-957B30B05EDF}.Release|Any CPU.Build.0 = Release|Any CPU
		{4E2EC83C-A349-4D2A-9B89-A06778562D32}.Debug|Any CPU.ActiveCfg = Debug|Any CPU
		{4E2EC83C-A349-4D2A-9B89-A06778562D32}.Debug|Any CPU.Build.0 = Debug|Any CPU
		{4E2EC83C-A349-4D2A-9B89-A06778562D32}.Release|Any CPU.ActiveCfg = Release|Any CPU
		{4E2EC83C-A349-4D2A-9B89-A06778562D32}.Release|Any CPU.Build.0 = Release|Any CPU
	EndGlobalSection
	GlobalSection(SolutionProperties) = preSolution
		HideSolutionNode = FALSE
	EndGlobalSection
EndGlobal
